
Microsoft Visual Studio Solution File, Format Version 12.00
# Visual Studio 15
VisualStudioVersion = 15.0.26430.16
MinimumVisualStudioVersion = 10.0.40219.1
Project("{FAE04EC0-301F-11D3-BF4B-00C04F79EFBC}") = "Hephaestus", "Hephaestus\Hephaestus.csproj", "{2ED2AEE5-9F4E-4C27-9B6F-119C1BDF9C4C}"
EndProject
Project("{FAE04EC0-301F-11D3-BF4B-00C04F79EFBC}") = "Hephaestus.Configurator", "Hephaestus.Configurator\Hephaestus.Configurator.csproj", "{10637660-CB8D-4A0B-80A1-64FF13BB5B60}"
EndProject
Project("{FAE04EC0-301F-11D3-BF4B-00C04F79EFBC}") = "Hephaestus.Common", "Hephaestus.Common\Hephaestus.Common.csproj", "{BC29A922-82A8-4735-8C73-97D0D559CA84}"
EndProject
Global
	GlobalSection(SolutionConfigurationPlatforms) = preSolution
		Debug|Any CPU = Debug|Any CPU
		Release|Any CPU = Release|Any CPU
	EndGlobalSection
	GlobalSection(ProjectConfigurationPlatforms) = postSolution
		{2ED2AEE5-9F4E-4C27-9B6F-119C1BDF9C4C}.Debug|Any CPU.ActiveCfg = Debug|Any CPU
		{2ED2AEE5-9F4E-4C27-9B6F-119C1BDF9C4C}.Debug|Any CPU.Build.0 = Debug|Any CPU
		{2ED2AEE5-9F4E-4C27-9B6F-119C1BDF9C4C}.Release|Any CPU.ActiveCfg = Release|Any CPU
		{2ED2AEE5-9F4E-4C27-9B6F-119C1BDF9C4C}.Release|Any CPU.Build.0 = Release|Any CPU
		{2ED2AEE5-9F4E-4C27-9B6F-119C1BDF9C4C}.Debug|Any CPU.Deploy.0 = Debug|Any CPU
		{10637660-CB8D-4A0B-80A1-64FF13BB5B60}.Debug|Any CPU.ActiveCfg = Debug|Any CPU
		{10637660-CB8D-4A0B-80A1-64FF13BB5B60}.Debug|Any CPU.Build.0 = Debug|Any CPU
		{10637660-CB8D-4A0B-80A1-64FF13BB5B60}.Release|Any CPU.ActiveCfg = Release|Any CPU
		{10637660-CB8D-4A0B-80A1-64FF13BB5B60}.Release|Any CPU.Build.0 = Release|Any CPU
		{BC29A922-82A8-4735-8C73-97D0D559CA84}.Debug|Any CPU.ActiveCfg = Debug|Any CPU
		{BC29A922-82A8-4735-8C73-97D0D559CA84}.Debug|Any CPU.Build.0 = Debug|Any CPU
		{BC29A922-82A8-4735-8C73-97D0D559CA84}.Release|Any CPU.ActiveCfg = Release|Any CPU
		{BC29A922-82A8-4735-8C73-97D0D559CA84}.Release|Any CPU.Build.0 = Release|Any CPU
	EndGlobalSection
	GlobalSection(SolutionProperties) = preSolution
		HideSolutionNode = FALSE
	EndGlobalSection
	GlobalSection(ExtensibilityGlobals) = postSolution
		SolutionGuid = {9C28540A-3EB6-4700-AC49-8DB634D337AA}
	EndGlobalSection
EndGlobal
